
Microsoft Visual Studio Solution File, Format Version 12.00
# Visual Studio 15
VisualStudioVersion = 15.0.35213.121
MinimumVisualStudioVersion = 10.0.40219.1
Project("{FAE04EC0-301F-11D3-BF4B-00C04F79EFBC}") = "OsbAkilliTahta", "OsbAkilliTahta\OsbAkilliTahta.csproj", "{F8E1BFB1-429B-4919-8A37-8B47637B6B71}"
EndProject
Global
	GlobalSection(SolutionConfigurationPlatforms) = preSolution
		Debug|Any CPU = Debug|Any CPU
		Release|Any CPU = Release|Any CPU
	EndGlobalSection
	GlobalSection(ProjectConfigurationPlatforms) = postSolution
		{F8E1BFB1-429B-4919-8A37-8B47637B6B71}.Debug|Any CPU.ActiveCfg = Debug|Any CPU
		{F8E1BFB1-429B-4919-8A37-8B47637B6B71}.Debug|Any CPU.Build.0 = Debug|Any CPU
		{F8E1BFB1-429B-4919-8A37-8B47637B6B71}.Release|Any CPU.ActiveCfg = Release|Any CPU
		{F8E1BFB1-429B-4919-8A37-8B47637B6B71}.Release|Any CPU.Build.0 = Release|Any CPU
	EndGlobalSection
	GlobalSection(SolutionProperties) = preSolution
		HideSolutionNode = FALSE
	EndGlobalSection
	GlobalSection(ExtensibilityGlobals) = postSolution
		SolutionGuid = {2BFBAAB8-3B9B-490E-BCA8-4ECA86DF2158}
	EndGlobalSection
EndGlobal
